
Microsoft Visual Studio Solution File, Format Version 12.00
# Visual Studio 2012
Project("{FAE04EC0-301F-11D3-BF4B-00C04F79EFBC}") = "Project1.0", "Project1.0\Project1.0.csproj", "{FE681F57-F4A8-4AEF-9304-FDC20BFED5B8}"
EndProject
Global
	GlobalSection(SolutionConfigurationPlatforms) = preSolution
		Debug|Any CPU = Debug|Any CPU
		Release|Any CPU = Release|Any CPU
	EndGlobalSection
	GlobalSection(ProjectConfigurationPlatforms) = postSolution
		{FE681F57-F4A8-4AEF-9304-FDC20BFED5B8}.Debug|Any CPU.ActiveCfg = Debug|Any CPU
		{FE681F57-F4A8-4AEF-9304-FDC20BFED5B8}.Debug|Any CPU.Build.0 = Debug|Any CPU
		{FE681F57-F4A8-4AEF-9304-FDC20BFED5B8}.Release|Any CPU.ActiveCfg = Release|Any CPU
		{FE681F57-F4A8-4AEF-9304-FDC20BFED5B8}.Release|Any CPU.Build.0 = Release|Any CPU
	EndGlobalSection
	GlobalSection(SolutionProperties) = preSolution
		HideSolutionNode = FALSE
	EndGlobalSection
EndGlobal
